
Microsoft Visual Studio Solution File, Format Version 12.00
# Visual Studio Version 16
VisualStudioVersion = 16.0.31129.286
MinimumVisualStudioVersion = 10.0.40219.1
Project("{FAE04EC0-301F-11D3-BF4B-00C04F79EFBC}") = "HorizonsTask", "HorizonsTask\HorizonsTask.csproj", "{6B810ACA-B01F-45B8-B435-225CF55A5D28}"
EndProject
Global
	GlobalSection(SolutionConfigurationPlatforms) = preSolution
		Debug|Any CPU = Debug|Any CPU
		Release|Any CPU = Release|Any CPU
	EndGlobalSection
	GlobalSection(ProjectConfigurationPlatforms) = postSolution
		{6B810ACA-B01F-45B8-B435-225CF55A5D28}.Debug|Any CPU.ActiveCfg = Debug|Any CPU
		{6B810ACA-B01F-45B8-B435-225CF55A5D28}.Debug|Any CPU.Build.0 = Debug|Any CPU
		{6B810ACA-B01F-45B8-B435-225CF55A5D28}.Release|Any CPU.ActiveCfg = Release|Any CPU
		{6B810ACA-B01F-45B8-B435-225CF55A5D28}.Release|Any CPU.Build.0 = Release|Any CPU
	EndGlobalSection
	GlobalSection(SolutionProperties) = preSolution
		HideSolutionNode = FALSE
	EndGlobalSection
	GlobalSection(ExtensibilityGlobals) = postSolution
		SolutionGuid = {3599D841-503E-45BF-A8CA-A36E9E4D3F02}
	EndGlobalSection
EndGlobal
